
Microsoft Visual Studio Solution File, Format Version 12.00
# Visual Studio Version 17
VisualStudioVersion = 17.7.34031.279
MinimumVisualStudioVersion = 10.0.40219.1
Project("{FAE04EC0-301F-11D3-BF4B-00C04F79EFBC}") = "UnitTest", "UnitTest.csproj", "{E2AC57C6-4A89-46E5-AF96-F0419674AF93}"
EndProject
Global
	GlobalSection(SolutionConfigurationPlatforms) = preSolution
		Debug|Any CPU = Debug|Any CPU
		Release|Any CPU = Release|Any CPU
	EndGlobalSection
	GlobalSection(ProjectConfigurationPlatforms) = postSolution
		{E2AC57C6-4A89-46E5-AF96-F0419674AF93}.Debug|Any CPU.ActiveCfg = Debug|Any CPU
		{E2AC57C6-4A89-46E5-AF96-F0419674AF93}.Debug|Any CPU.Build.0 = Debug|Any CPU
		{E2AC57C6-4A89-46E5-AF96-F0419674AF93}.Release|Any CPU.ActiveCfg = Release|Any CPU
		{E2AC57C6-4A89-46E5-AF96-F0419674AF93}.Release|Any CPU.Build.0 = Release|Any CPU
	EndGlobalSection
	GlobalSection(SolutionProperties) = preSolution
		HideSolutionNode = FALSE
	EndGlobalSection
	GlobalSection(ExtensibilityGlobals) = postSolution
		SolutionGuid = {4D51537E-A32A-48AB-849C-191078655676}
	EndGlobalSection
EndGlobal
